{
  "name": "Full stack practice",
  "lockfileVersion": 2,
  "requires": true,
  "packages": {
    "": {
      "dependencies": {
        "datetime-difference": "^1.0.2"
      }
    },
    "node_modules/datetime-difference": {
      "version": "1.0.2",
      "resolved": "https://registry.npmjs.org/datetime-difference/-/datetime-difference-1.0.2.tgz",
      "integrity": "sha512-nQrIuV1WhKLD9VxfoXm6NbvScy3XbuoJ5Q+POKpLf3ZN9QYkIHpXzEJHK51a+ltrMQpyCkVzGrZmWbxjCjHMvQ=="
    }
  },
  "dependencies": {
    "datetime-difference": {
      "version": "1.0.2",
      "resolved": "https://registry.npmjs.org/datetime-difference/-/datetime-difference-1.0.2.tgz",
      "integrity": "sha512-nQrIuV1WhKLD9VxfoXm6NbvScy3XbuoJ5Q+POKpLf3ZN9QYkIHpXzEJHK51a+ltrMQpyCkVzGrZmWbxjCjHMvQ=="
    }
  }
}
